// !$*UTF8*$!
{
	archiveVersion = 1;
	classes = {
	};
	objectVersion = 56;
	objects = {

/* Begin PBXBuildFile section */
		032CB4F72B25208200C3C24B /* stanford_cs193pApp.swift in Sources */ = {isa = PBXBuildFile; fileRef = 032CB4F62B25208200C3C24B /* stanford_cs193pApp.swift */; };
		032CB4F92B25208200C3C24B /* ContentView.swift in Sources */ = {isa = PBXBuildFile; fileRef = 032CB4F82B25208200C3C24B /* ContentView.swift */; };
		032CB4FB2B25208300C3C24B /* Assets.xcassets in Resources */ = {isa = PBXBuildFile; fileRef = 032CB4FA2B25208300C3C24B /* Assets.xcassets */; };
		032CB4FE2B25208300C3C24B /* Preview Assets.xcassets in Resources */ = {isa = PBXBuildFile; fileRef = 032CB4FD2B25208300C3C24B /* Preview Assets.xcassets */; };
		032CB5082B25208300C3C24B /* stanford_cs193pTests.swift in Sources */ = {isa = PBXBuildFile; fileRef = 032CB5072B25208300C3C24B /* stanford_cs193pTests.swift */; };
		032CB5122B25208300C3C24B /* stanford_cs193pUITests.swift in Sources */ = {isa = PBXBuildFile; fileRef = 032CB5112B25208300C3C24B /* stanford_cs193pUITests.swift */; };
		032CB5142B25208300C3C24B /* stanford_cs193pUITestsLaunchTests.swift in Sources */ = {isa = PBXBuildFile; fileRef = 032CB5132B25208300C3C24B /* stanford_cs193pUITestsLaunchTests.swift */; };
/* End PBXBuildFile section */

/* Begin PBXContainerItemProxy section */
		032CB5042B25208300C3C24B /* PBXContainerItemProxy */ = {
			isa = PBXContainerItemProxy;
			containerPortal = 032CB4EB2B25208200C3C24B /* Project object */;
			proxyType = 1;
			remoteGlobalIDString = 032CB4F22B25208200C3C24B;
			remoteInfo = "stanford-cs193p";
		};
		032CB50E2B25208300C3C24B /* PBXContainerItemProxy */ = {
			isa = PBXContainerItemProxy;
			containerPortal = 032CB4EB2B25208200C3C24B /* Project object */;
			proxyType = 1;
			remoteGlobalIDString = 032CB4F22B25208200C3C24B;
			remoteInfo = "stanford-cs193p";
		};
/* End PBXContainerItemProxy section */

/* Begin PBXFileReference section */
		032CB4F32B25208200C3C24B /* stanford-cs193p.app */ = {isa = PBXFileReference; explicitFileType = wrapper.application; includeInIndex = 0; path = "stanford-cs193p.app"; sourceTree = BUILT_PRODUCTS_DIR; };
		032CB4F62B25208200C3C24B /* stanford_cs193pApp.swift */ = {isa = PBXFileReference; lastKnownFileType = sourcecode.swift; path = stanford_cs193pApp.swift; sourceTree = "<group>"; };
		032CB4F82B25208200C3C24B /* ContentView.swift */ = {isa = PBXFileReference; lastKnownFileType = sourcecode.swift; path = ContentView.swift; sourceTree = "<group>"; };
		032CB4FA2B25208300C3C24B /* Assets.xcassets */ = {isa = PBXFileReference; lastKnownFileType = folder.assetcatalog; path = Assets.xcassets; sourceTree = "<group>"; };
		032CB4FD2B25208300C3C24B /* Preview Assets.xcassets */ = {isa = PBXFileReference; lastKnownFileType = folder.assetcatalog; path = "Preview Assets.xcassets"; sourceTree = "<group>"; };
		032CB5032B25208300C3C24B /* stanford-cs193pTests.xctest */ = {isa = PBXFileReference; explicitFileType = wrapper.cfbundle; includeInIndex = 0; path = "stanford-cs193pTests.xctest"; sourceTree = BUILT_PRODUCTS_DIR; };
		032CB5072B25208300C3C24B /* stanford_cs193pTests.swift */ = {isa = PBXFileReference; lastKnownFileType = sourcecode.swift; path = stanford_cs193pTests.swift; sourceTree = "<group>"; };
		032CB50D2B25208300C3C24B /* stanford-cs193pUITests.xctest */ = {isa = PBXFileReference; explicitFileType = wrapper.cfbundle; includeInIndex = 0; path = "stanford-cs193pUITests.xctest"; sourceTree = BUILT_PRODUCTS_DIR; };
		032CB5112B25208300C3C24B /* stanford_cs193pUITests.swift */ = {isa = PBXFileReference; lastKnownFileType = sourcecode.swift; path = stanford_cs193pUITests.swift; sourceTree = "<group>"; };
		032CB5132B25208300C3C24B /* stanford_cs193pUITestsLaunchTests.swift */ = {isa = PBXFileReference; lastKnownFileType = sourcecode.swift; path = stanford_cs193pUITestsLaunchTests.swift; sourceTree = "<group>"; };
/* End PBXFileReference section */

/* Begin PBXFrameworksBuildPhase section */
		032CB4F02B25208200C3C24B /* Frameworks */ = {
			isa = PBXFrameworksBuildPhase;
			buildActionMask = 2147483647;
			files = (
			);
			runOnlyForDeploymentPostprocessing = 0;
		};
		032CB5002B25208300C3C24B /* Frameworks */ = {
			isa = PBXFrameworksBuildPhase;
			buildActionMask = 2147483647;
			files = (
			);
			runOnlyForDeploymentPostprocessing = 0;
		};
		032CB50A2B25208300C3C24B /* Frameworks */ = {
			isa = PBXFrameworksBuildPhase;
			buildActionMask = 2147483647;
			files = (
			);
			runOnlyForDeploymentPostprocessing = 0;
		};
/* End PBXFrameworksBuildPhase section */

/* Begin PBXGroup section */
		032CB4EA2B25208200C3C24B = {
			isa = PBXGroup;
			children = (
				032CB4F52B25208200C3C24B /* stanford-cs193p */,
				032CB5062B25208300C3C24B /* stanford-cs193pTests */,
				032CB5102B25208300C3C24B /* stanford-cs193pUITests */,
				032CB4F42B25208200C3C24B /* Products */,
			);
			sourceTree = "<group>";
		};
		032CB4F42B25208200C3C24B /* Products */ = {
			isa = PBXGroup;
			children = (
				032CB4F32B25208200C3C24B /* stanford-cs193p.app */,
				032CB5032B25208300C3C24B /* stanford-cs193pTests.xctest */,
				032CB50D2B25208300C3C24B /* stanford-cs193pUITests.xctest */,
			);
			name = Products;
			sourceTree = "<group>";
		};
		032CB4F52B25208200C3C24B /* stanford-cs193p */ = {
			isa = PBXGroup;
			children = (
				032CB4F62B25208200C3C24B /* stanford_cs193pApp.swift */,
				032CB4F82B25208200C3C24B /* ContentView.swift */,
				032CB4FA2B25208300C3C24B /* Assets.xcassets */,
				032CB4FC2B25208300C3C24B /* Preview Content */,
			);
			path = "stanford-cs193p";
			sourceTree = "<group>";
		};
		032CB4FC2B25208300C3C24B /* Preview Content */ = {
			isa = PBXGroup;
			children = (
				032CB4FD2B25208300C3C24B /* Preview Assets.xcassets */,
			);
			path = "Preview Content";
			sourceTree = "<group>";
		};
		032CB5062B25208300C3C24B /* stanford-cs193pTests */ = {
			isa = PBXGroup;
			children = (
				032CB5072B25208300C3C24B /* stanford_cs193pTests.swift */,
			);
			path = "stanford-cs193pTests";
			sourceTree = "<group>";
		};
		032CB5102B25208300C3C24B /* stanford-cs193pUITests */ = {
			isa = PBXGroup;
			children = (
				032CB5112B25208300C3C24B /* stanford_cs193pUITests.swift */,
				032CB5132B25208300C3C24B /* stanford_cs193pUITestsLaunchTests.swift */,
			);
			path = "stanford-cs193pUITests";
			sourceTree = "<group>";
		};
/* End PBXGroup section */

/* Begin PBXNativeTarget section */
		032CB4F22B25208200C3C24B /* stanford-cs193p */ = {
			isa = PBXNativeTarget;
			buildConfigurationList = 032CB5172B25208300C3C24B /* Build configuration list for PBXNativeTarget "stanford-cs193p" */;
			buildPhases = (
				032CB4EF2B25208200C3C24B /* Sources */,
				032CB4F02B25208200C3C24B /* Frameworks */,
				032CB4F12B25208200C3C24B /* Resources */,
			);
			buildRules = (
			);
			dependencies = (
			);
			name = "stanford-cs193p";
			productName = "stanford-cs193p";
			productReference = 032CB4F32B25208200C3C24B /* stanford-cs193p.app */;
			productType = "com.apple.product-type.application";
		};
		032CB5022B25208300C3C24B /* stanford-cs193pTests */ = {
			isa = PBXNativeTarget;
			buildConfigurationList = 032CB51A2B25208300C3C24B /* Build configuration list for PBXNativeTarget "stanford-cs193pTests" */;
			buildPhases = (
				032CB4FF2B25208300C3C24B /* Sources */,
				032CB5002B25208300C3C24B /* Frameworks */,
				032CB5012B25208300C3C24B /* Resources */,
			);
			buildRules = (
			);
			dependencies = (
				032CB5052B25208300C3C24B /* PBXTargetDependency */,
			);
			name = "stanford-cs193pTests";
			productName = "stanford-cs193pTests";
			productReference = 032CB5032B25208300C3C24B /* stanford-cs193pTests.xctest */;
			productType = "com.apple.product-type.bundle.unit-test";
		};
		032CB50C2B25208300C3C24B /* stanford-cs193pUITests */ = {
			isa = PBXNativeTarget;
			buildConfigurationList = 032CB51D2B25208300C3C24B /* Build configuration list for PBXNativeTarget "stanford-cs193pUITests" */;
			buildPhases = (
				032CB5092B25208300C3C24B /* Sources */,
				032CB50A2B25208300C3C24B /* Frameworks */,
				032CB50B2B25208300C3C24B /* Resources */,
			);
			buildRules = (
			);
			dependencies = (
				032CB50F2B25208300C3C24B /* PBXTargetDependency */,
			);
			name = "stanford-cs193pUITests";
			productName = "stanford-cs193pUITests";
			productReference = 032CB50D2B25208300C3C24B /* stanford-cs193pUITests.xctest */;
			productType = "com.apple.product-type.bundle.ui-testing";
		};
/* End PBXNativeTarget section */

/* Begin PBXProject section */
		032CB4EB2B25208200C3C24B /* Project object */ = {
			isa = PBXProject;
			attributes = {
				BuildIndependentTargetsInParallel = 1;
				LastSwiftUpdateCheck = 1500;
				LastUpgradeCheck = 1500;
				TargetAttributes = {
					032CB4F22B25208200C3C24B = {
						CreatedOnToolsVersion = 15.0.1;
					};
					032CB5022B25208300C3C24B = {
						CreatedOnToolsVersion = 15.0.1;
						TestTargetID = 032CB4F22B25208200C3C24B;
					};
					032CB50C2B25208300C3C24B = {
						CreatedOnToolsVersion = 15.0.1;
						TestTargetID = 032CB4F22B25208200C3C24B;
					};
				};
			};
			buildConfigurationList = 032CB4EE2B25208200C3C24B /* Build configuration list for PBXProject "stanford-cs193p" */;
			compatibilityVersion = "Xcode 14.0";
			developmentRegion = en;
			hasScannedForEncodings = 0;
			knownRegions = (
				en,
				Base,
			);
			mainGroup = 032CB4EA2B25208200C3C24B;
			productRefGroup = 032CB4F42B25208200C3C24B /* Products */;
			projectDirPath = "";
			projectRoot = "";
			targets = (
				032CB4F22B25208200C3C24B /* stanford-cs193p */,
				032CB5022B25208300C3C24B /* stanford-cs193pTests */,
				032CB50C2B25208300C3C24B /* stanford-cs193pUITests */,
			);
		};
/* End PBXProject section */

/* Begin PBXResourcesBuildPhase section */
		032CB4F12B25208200C3C24B /* Resources */ = {
			isa = PBXResourcesBuildPhase;
			buildActionMask = 2147483647;
			files = (
				032CB4FE2B25208300C3C24B /* Preview Assets.xcassets in Resources */,
				032CB4FB2B25208300C3C24B /* Assets.xcassets in Resources */,
			);
			runOnlyForDeploymentPostprocessing = 0;
		};
		032CB5012B25208300C3C24B /* Resources */ = {
			isa = PBXResourcesBuildPhase;
			buildActionMask = 2147483647;
			files = (
			);
			runOnlyForDeploymentPostprocessing = 0;
		};
		032CB50B2B25208300C3C24B /* Resources */ = {
			isa = PBXResourcesBuildPhase;
			buildActionMask = 2147483647;
			files = (
			);
			runOnlyForDeploymentPostprocessing = 0;
		};
/* End PBXResourcesBuildPhase section */

/* Begin PBXSourcesBuildPhase section */
		032CB4EF2B25208200C3C24B /* Sources */ = {
			isa = PBXSourcesBuildPhase;
			buildActionMask = 2147483647;
			files = (
				032CB4F92B25208200C3C24B /* ContentView.swift in Sources */,
				032CB4F72B25208200C3C24B /* stanford_cs193pApp.swift in Sources */,
			);
			runOnlyForDeploymentPostprocessing = 0;
		};
		032CB4FF2B25208300C3C24B /* Sources */ = {
			isa = PBXSourcesBuildPhase;
			buildActionMask = 2147483647;
			files = (
				032CB5082B25208300C3C24B /* stanford_cs193pTests.swift in Sources */,
			);
			runOnlyForDeploymentPostprocessing = 0;
		};
		032CB5092B25208300C3C24B /* Sources */ = {
			isa = PBXSourcesBuildPhase;
			buildActionMask = 2147483647;
			files = (
				032CB5142B25208300C3C24B /* stanford_cs193pUITestsLaunchTests.swift in Sources */,
				032CB5122B25208300C3C24B /* stanford_cs193pUITests.swift in Sources */,
			);
			runOnlyForDeploymentPostprocessing = 0;
		};
/* End PBXSourcesBuildPhase section */

/* Begin PBXTargetDependency section */
		032CB5052B25208300C3C24B /* PBXTargetDependency */ = {
			isa = PBXTargetDependency;
			target = 032CB4F22B25208200C3C24B /* stanford-cs193p */;
			targetProxy = 032CB5042B25208300C3C24B /* PBXContainerItemProxy */;
		};
		032CB50F2B25208300C3C24B /* PBXTargetDependency */ = {
			isa = PBXTargetDependency;
			target = 032CB4F22B25208200C3C24B /* stanford-cs193p */;
			targetProxy = 032CB50E2B25208300C3C24B /* PBXContainerItemProxy */;
		};
/* End PBXTargetDependency section */

/* Begin XCBuildConfiguration section */
		032CB5152B25208300C3C24B /* Debug */ = {
			isa = XCBuildConfiguration;
			buildSettings = {
				ALWAYS_SEARCH_USER_PATHS = NO;
				ASSETCATALOG_COMPILER_GENERATE_SWIFT_ASSET_SYMBOL_EXTENSIONS = YES;
				CLANG_ANALYZER_NONNULL = YES;
				CLANG_ANALYZER_NUMBER_OBJECT_CONVERSION = YES_AGGRESSIVE;
				CLANG_CXX_LANGUAGE_STANDARD = "gnu++20";
				CLANG_ENABLE_MODULES = YES;
				CLANG_ENABLE_OBJC_ARC = YES;
				CLANG_ENABLE_OBJC_WEAK = YES;
				CLANG_WARN_BLOCK_CAPTURE_AUTORELEASING = YES;
				CLANG_WARN_BOOL_CONVERSION = YES;
				CLANG_WARN_COMMA = YES;
				CLANG_WARN_CONSTANT_CONVERSION = YES;
				CLANG_WARN_DEPRECATED_OBJC_IMPLEMENTATIONS = YES;
				CLANG_WARN_DIRECT_OBJC_ISA_USAGE = YES_ERROR;
				CLANG_WARN_DOCUMENTATION_COMMENTS = YES;
				CLANG_WARN_EMPTY_BODY = YES;
				CLANG_WARN_ENUM_CONVERSION = YES;
				CLANG_WARN_INFINITE_RECURSION = YES;
				CLANG_WARN_INT_CONVERSION = YES;
				CLANG_WARN_NON_LITERAL_NULL_CONVERSION = YES;
				CLANG_WARN_OBJC_IMPLICIT_RETAIN_SELF = YES;
				CLANG_WARN_OBJC_LITERAL_CONVERSION = YES;
				CLANG_WARN_OBJC_ROOT_CLASS = YES_ERROR;
				CLANG_WARN_QUOTED_INCLUDE_IN_FRAMEWORK_HEADER = YES;
				CLANG_WARN_RANGE_LOOP_ANALYSIS = YES;
				CLANG_WARN_STRICT_PROTOTYPES = YES;
				CLANG_WARN_SUSPICIOUS_MOVE = YES;
				CLANG_WARN_UNGUARDED_AVAILABILITY = YES_AGGRESSIVE;
				CLANG_WARN_UNREACHABLE_CODE = YES;
				CLANG_WARN__DUPLICATE_METHOD_MATCH = YES;
				COPY_PHASE_STRIP = NO;
				DEBUG_INFORMATION_FORMAT = dwarf;
				ENABLE_STRICT_OBJC_MSGSEND = YES;
				ENABLE_TESTABILITY = YES;
				ENABLE_USER_SCRIPT_SANDBOXING = YES;
				GCC_C_LANGUAGE_STANDARD = gnu17;
				GCC_DYNAMIC_NO_PIC = NO;
				GCC_NO_COMMON_BLOCKS = YES;
				GCC_OPTIMIZATION_LEVEL = 0;
				GCC_PREPROCESSOR_DEFINITIONS = (
					"DEBUG=1",
					"$(inherited)",
				);
				GCC_WARN_64_TO_32_BIT_CONVERSION = YES;
				GCC_WARN_ABOUT_RETURN_TYPE = YES_ERROR;
				GCC_WARN_UNDECLARED_SELECTOR = YES;
				GCC_WARN_UNINITIALIZED_AUTOS = YES_AGGRESSIVE;
				GCC_WARN_UNUSED_FUNCTION = YES;
				GCC_WARN_UNUSED_VARIABLE = YES;
				IPHONEOS_DEPLOYMENT_TARGET = 17.0;
				LOCALIZATION_PREFERS_STRING_CATALOGS = YES;
				MTL_ENABLE_DEBUG_INFO = INCLUDE_SOURCE;
				MTL_FAST_MATH = YES;
				ONLY_ACTIVE_ARCH = YES;
				SDKROOT = iphoneos;
				SWIFT_ACTIVE_COMPILATION_CONDITIONS = "DEBUG $(inherited)";
				SWIFT_OPTIMIZATION_LEVEL = "-Onone";
			};
			name = Debug;
		};
		032CB5162B25208300C3C24B /* Release */ = {
			isa = XCBuildConfiguration;
			buildSettings = {
				ALWAYS_SEARCH_USER_PATHS = NO;
				ASSETCATALOG_COMPILER_GENERATE_SWIFT_ASSET_SYMBOL_EXTENSIONS = YES;
				CLANG_ANALYZER_NONNULL = YES;
				CLANG_ANALYZER_NUMBER_OBJECT_CONVERSION = YES_AGGRESSIVE;
				CLANG_CXX_LANGUAGE_STANDARD = "gnu++20";
				CLANG_ENABLE_MODULES = YES;
				CLANG_ENABLE_OBJC_ARC = YES;
				CLANG_ENABLE_OBJC_WEAK = YES;
				CLANG_WARN_BLOCK_CAPTURE_AUTORELEASING = YES;
				CLANG_WARN_BOOL_CONVERSION = YES;
				CLANG_WARN_COMMA = YES;
				CLANG_WARN_CONSTANT_CONVERSION = YES;
				CLANG_WARN_DEPRECATED_OBJC_IMPLEMENTATIONS = YES;
				CLANG_WARN_DIRECT_OBJC_ISA_USAGE = YES_ERROR;
				CLANG_WARN_DOCUMENTATION_COMMENTS = YES;
				CLANG_WARN_EMPTY_BODY = YES;
				CLANG_WARN_ENUM_CONVERSION = YES;
				CLANG_WARN_INFINITE_RECURSION = YES;
				CLANG_WARN_INT_CONVERSION = YES;
				CLANG_WARN_NON_LITERAL_NULL_CONVERSION = YES;
				CLANG_WARN_OBJC_IMPLICIT_RETAIN_SELF = YES;
				CLANG_WARN_OBJC_LITERAL_CONVERSION = YES;
				CLANG_WARN_OBJC_ROOT_CLASS = YES_ERROR;
				CLANG_WARN_QUOTED_INCLUDE_IN_FRAMEWORK_HEADER = YES;
				CLANG_WARN_RANGE_LOOP_ANALYSIS = YES;
				CLANG_WARN_STRICT_PROTOTYPES = YES;
				CLANG_WARN_SUSPICIOUS_MOVE = YES;
				CLANG_WARN_UNGUARDED_AVAILABILITY = YES_AGGRESSIVE;
				CLANG_WARN_UNREACHABLE_CODE = YES;
				CLANG_WARN__DUPLICATE_METHOD_MATCH = YES;
				COPY_PHASE_STRIP = NO;
				DEBUG_INFORMATION_FORMAT = "dwarf-with-dsym";
				ENABLE_NS_ASSERTIONS = NO;
				ENABLE_STRICT_OBJC_MSGSEND = YES;
				ENABLE_USER_SCRIPT_SANDBOXING = YES;
				GCC_C_LANGUAGE_STANDARD = gnu17;
				GCC_NO_COMMON_BLOCKS = YES;
				GCC_WARN_64_TO_32_BIT_CONVERSION = YES;
				GCC_WARN_ABOUT_RETURN_TYPE = YES_ERROR;
				GCC_WARN_UNDECLARED_SELECTOR = YES;
				GCC_WARN_UNINITIALIZED_AUTOS = YES_AGGRESSIVE;
				GCC_WARN_UNUSED_FUNCTION = YES;
				GCC_WARN_UNUSED_VARIABLE = YES;
				IPHONEOS_DEPLOYMENT_TARGET = 17.0;
				LOCALIZATION_PREFERS_STRING_CATALOGS = YES;
				MTL_ENABLE_DEBUG_INFO = NO;
				MTL_FAST_MATH = YES;
				SDKROOT = iphoneos;
				SWIFT_COMPILATION_MODE = wholemodule;
				VALIDATE_PRODUCT = YES;
			};
			name = Release;
		};
		032CB5182B25208300C3C24B /* Debug */ = {
			isa = XCBuildConfiguration;
			buildSettings = {
				ASSETCATALOG_COMPILER_APPICON_NAME = AppIcon;
				ASSETCATALOG_COMPILER_GLOBAL_ACCENT_COLOR_NAME = AccentColor;
				CODE_SIGN_STYLE = Automatic;
				CURRENT_PROJECT_VERSION = 1;
				DEVELOPMENT_ASSET_PATHS = "\"stanford-cs193p/Preview Content\"";
				ENABLE_PREVIEWS = YES;
				GENERATE_INFOPLIST_FILE = YES;
				INFOPLIST_KEY_UIApplicationSceneManifest_Generation = YES;
				INFOPLIST_KEY_UIApplicationSupportsIndirectInputEvents = YES;
				INFOPLIST_KEY_UILaunchScreen_Generation = YES;
				INFOPLIST_KEY_UISupportedInterfaceOrientations_iPad = "UIInterfaceOrientationPortrait UIInterfaceOrientationPortraitUpsideDown UIInterfaceOrientationLandscapeLeft UIInterfaceOrientationLandscapeRight";
				INFOPLIST_KEY_UISupportedInterfaceOrientations_iPhone = "UIInterfaceOrientationPortrait UIInterfaceOrientationLandscapeLeft UIInterfaceOrientationLandscapeRight";
				LD_RUNPATH_SEARCH_PATHS = (
					"$(inherited)",
					"@executable_path/Frameworks",
				);
				MARKETING_VERSION = 1.0;
				PRODUCT_BUNDLE_IDENTIFIER = "yuwen.personal.stanford-cs193p";
				PRODUCT_NAME = "$(TARGET_NAME)";
				SWIFT_EMIT_LOC_STRINGS = YES;
				SWIFT_VERSION = 5.0;
				TARGETED_DEVICE_FAMILY = "1,2";
			};
			name = Debug;
		};
		032CB5192B25208300C3C24B /* Release */ = {
			isa = XCBuildConfiguration;
			buildSettings = {
				ASSETCATALOG_COMPILER_APPICON_NAME = AppIcon;
				ASSETCATALOG_COMPILER_GLOBAL_ACCENT_COLOR_NAME = AccentColor;
				CODE_SIGN_STYLE = Automatic;
				CURRENT_PROJECT_VERSION = 1;
				DEVELOPMENT_ASSET_PATHS = "\"stanford-cs193p/Preview Content\"";
				ENABLE_PREVIEWS = YES;
				GENERATE_INFOPLIST_FILE = YES;
				INFOPLIST_KEY_UIApplicationSceneManifest_Generation = YES;
				INFOPLIST_KEY_UIApplicationSupportsIndirectInputEvents = YES;
				INFOPLIST_KEY_UILaunchScreen_Generation = YES;
				INFOPLIST_KEY_UISupportedInterfaceOrientations_iPad = "UIInterfaceOrientationPortrait UIInterfaceOrientationPortraitUpsideDown UIInterfaceOrientationLandscapeLeft UIInterfaceOrientationLandscapeRight";
				INFOPLIST_KEY_UISupportedInterfaceOrientations_iPhone = "UIInterfaceOrientationPortrait UIInterfaceOrientationLandscapeLeft UIInterfaceOrientationLandscapeRight";
				LD_RUNPATH_SEARCH_PATHS = (
					"$(inherited)",
					"@executable_path/Frameworks",
				);
				MARKETING_VERSION = 1.0;
				PRODUCT_BUNDLE_IDENTIFIER = "yuwen.personal.stanford-cs193p";
				PRODUCT_NAME = "$(TARGET_NAME)";
				SWIFT_EMIT_LOC_STRINGS = YES;
				SWIFT_VERSION = 5.0;
				TARGETED_DEVICE_FAMILY = "1,2";
			};
			name = Release;
		};
		032CB51B2B25208300C3C24B /* Debug */ = {
			isa = XCBuildConfiguration;
			buildSettings = {
				ALWAYS_EMBED_SWIFT_STANDARD_LIBRARIES = YES;
				BUNDLE_LOADER = "$(TEST_HOST)";
				CODE_SIGN_STYLE = Automatic;
				CURRENT_PROJECT_VERSION = 1;
				GENERATE_INFOPLIST_FILE = YES;
				IPHONEOS_DEPLOYMENT_TARGET = 17.0;
				MARKETING_VERSION = 1.0;
				PRODUCT_BUNDLE_IDENTIFIER = "yuwen.personal.stanford-cs193pTests";
				PRODUCT_NAME = "$(TARGET_NAME)";
				SWIFT_EMIT_LOC_STRINGS = NO;
				SWIFT_VERSION = 5.0;
				TARGETED_DEVICE_FAMILY = "1,2";
				TEST_HOST = "$(BUILT_PRODUCTS_DIR)/stanford-cs193p.app/$(BUNDLE_EXECUTABLE_FOLDER_PATH)/stanford-cs193p";
			};
			name = Debug;
		};
		032CB51C2B25208300C3C24B /* Release */ = {
			isa = XCBuildConfiguration;
			buildSettings = {
				ALWAYS_EMBED_SWIFT_STANDARD_LIBRARIES = YES;
				BUNDLE_LOADER = "$(TEST_HOST)";
				CODE_SIGN_STYLE = Automatic;
				CURRENT_PROJECT_VERSION = 1;
				GENERATE_INFOPLIST_FILE = YES;
				IPHONEOS_DEPLOYMENT_TARGET = 17.0;
				MARKETING_VERSION = 1.0;
				PRODUCT_BUNDLE_IDENTIFIER = "yuwen.personal.stanford-cs193pTests";
				PRODUCT_NAME = "$(TARGET_NAME)";
				SWIFT_EMIT_LOC_STRINGS = NO;
				SWIFT_VERSION = 5.0;
				TARGETED_DEVICE_FAMILY = "1,2";
				TEST_HOST = "$(BUILT_PRODUCTS_DIR)/stanford-cs193p.app/$(BUNDLE_EXECUTABLE_FOLDER_PATH)/stanford-cs193p";
			};
			name = Release;
		};
		032CB51E2B25208300C3C24B /* Debug */ = {
			isa = XCBuildConfiguration;
			buildSettings = {
				ALWAYS_EMBED_SWIFT_STANDARD_LIBRARIES = YES;
				CODE_SIGN_STYLE = Automatic;
				CURRENT_PROJECT_VERSION = 1;
				GENERATE_INFOPLIST_FILE = YES;
				MARKETING_VERSION = 1.0;
				PRODUCT_BUNDLE_IDENTIFIER = "yuwen.personal.stanford-cs193pUITests";
				PRODUCT_NAME = "$(TARGET_NAME)";
				SWIFT_EMIT_LOC_STRINGS = NO;
				SWIFT_VERSION = 5.0;
				TARGETED_DEVICE_FAMILY = "1,2";
				TEST_TARGET_NAME = "stanford-cs193p";
			};
			name = Debug;
		};
		032CB51F2B25208300C3C24B /* Release */ = {
			isa = XCBuildConfiguration;
			buildSettings = {
				ALWAYS_EMBED_SWIFT_STANDARD_LIBRARIES = YES;
				CODE_SIGN_STYLE = Automatic;
				CURRENT_PROJECT_VERSION = 1;
				GENERATE_INFOPLIST_FILE = YES;
				MARKETING_VERSION = 1.0;
				PRODUCT_BUNDLE_IDENTIFIER = "yuwen.personal.stanford-cs193pUITests";
				PRODUCT_NAME = "$(TARGET_NAME)";
				SWIFT_EMIT_LOC_STRINGS = NO;
				SWIFT_VERSION = 5.0;
				TARGETED_DEVICE_FAMILY = "1,2";
				TEST_TARGET_NAME = "stanford-cs193p";
			};
			name = Release;
		};
/* End XCBuildConfiguration section */

/* Begin XCConfigurationList section */
		032CB4EE2B25208200C3C24B /* Build configuration list for PBXProject "stanford-cs193p" */ = {
			isa = XCConfigurationList;
			buildConfigurations = (
				032CB5152B25208300C3C24B /* Debug */,
				032CB5162B25208300C3C24B /* Release */,
			);
			defaultConfigurationIsVisible = 0;
			defaultConfigurationName = Release;
		};
		032CB5172B25208300C3C24B /* Build configuration list for PBXNativeTarget "stanford-cs193p" */ = {
			isa = XCConfigurationList;
			buildConfigurations = (
				032CB5182B25208300C3C24B /* Debug */,
				032CB5192B25208300C3C24B /* Release */,
			);
			defaultConfigurationIsVisible = 0;
			defaultConfigurationName = Release;
		};
		032CB51A2B25208300C3C24B /* Build configuration list for PBXNativeTarget "stanford-cs193pTests" */ = {
			isa = XCConfigurationList;
			buildConfigurations = (
				032CB51B2B25208300C3C24B /* Debug */,
				032CB51C2B25208300C3C24B /* Release */,
			);
			defaultConfigurationIsVisible = 0;
			defaultConfigurationName = Release;
		};
		032CB51D2B25208300C3C24B /* Build configuration list for PBXNativeTarget "stanford-cs193pUITests" */ = {
			isa = XCConfigurationList;
			buildConfigurations = (
				032CB51E2B25208300C3C24B /* Debug */,
				032CB51F2B25208300C3C24B /* Release */,
			);
			defaultConfigurationIsVisible = 0;
			defaultConfigurationName = Release;
		};
/* End XCConfigurationList section */
	};
	rootObject = 032CB4EB2B25208200C3C24B /* Project object */;
}
